<Solution>
  <Folder Name="/Solution Items/">
    <File Path=".editorconfig" />
    <File Path=".gitattributes" />
    <File Path=".gitignore" />
    <File Path="AGENTS.md" />
    <File Path="Analyzers.ruleset" />
    <File Path="CLAUDE.md" />
    <File Path="DeviceManager.sln.DotSettings" />
    <File Path="Directory.Build.props" />
    <File Path="Directory.Build.targets" />
    <File Path="LICENSE" />
    <File Path="README.md" />
  </Folder>
  <Project Path="DeviceManager.Client.Sdk/DeviceManager.Client.Sdk.csproj" />
  <Project Path="DeviceManager.Server.Core/DeviceManager.Server.Core.csproj" />
  <Project Path="DeviceManager.Shared/DeviceManager.Shared.csproj" />
  <Project Path="DeviceManager.TestClient/DeviceManager.TestClient.csproj" />
  <Project Path="DeviceManager/DeviceManager.csproj" Id="01e051bf-6a46-42d0-ba8b-8925ca160e58" />
</Solution>
