<Solution>
  <Folder Name="/Aspire/">
    <Project Path="DeviceManager.AppHost/DeviceManager.AppHost.csproj" />
  </Folder>
  <Folder Name="/Application/">
    <Project Path="DeviceManager.Contracts/DeviceManager.Contracts.csproj" />
    <Project Path="DeviceManager.Core/DeviceManager.Core.csproj" />
    <Project Path="DeviceManager.Server/DeviceManager.Server.csproj" />
  </Folder>
  <Folder Name="/Client/">
    <Project Path="DeviceManager.Client/DeviceManager.Client.csproj" />
    <Project Path="DeviceManager.TestClient/DeviceManager.TestClient.csproj" />
  </Folder>
  <Folder Name="/Solution Items/">
    <File Path=".editorconfig" />
    <File Path=".gitattributes" />
    <File Path=".gitignore" />
    <File Path="AGENTS.md" />
    <File Path="Analyzers.ruleset" />
    <File Path="Database.sql" />
    <File Path="Directory.Build.props" />
    <File Path="Directory.Build.targets" />
    <File Path="LICENSE" />
    <File Path="README.md" />
    <File Path="DeviceManager.sln.DotSettings" />
  </Folder>
</Solution>
